
Microsoft Visual Studio Solution File, Format Version 12.00
# Visual Studio 15
VisualStudioVersion = 15.0.28307.168
MinimumVisualStudioVersion = 10.0.40219.1
Project("{9A19103F-16F7-4668-BE54-9A1E7A4F7556}") = "Get Unicode EastAsianWidth", "Get Unicode EastAsianWidth\Get Unicode EastAsianWidth.csproj", "{CD1BE9C7-946D-4EB4-8747-19120027DFAF}"
EndProject
Project("{9A19103F-16F7-4668-BE54-9A1E7A4F7556}") = "CreateDB", "CreateDB\CreateDB.csproj", "{34C1E8B6-61C7-4A61-B0A9-0B5E49920A15}"
EndProject
Project("{FAE04EC0-301F-11D3-BF4B-00C04F79EFBC}") = "Get Unicode EastAsianWidth.Test", "Get Unicode EastAsianWidth.Test\Get Unicode EastAsianWidth.Test.csproj", "{A8007260-181C-4CA5-BF5F-FE1C9E4AD749}"
EndProject
Project("{FAE04EC0-301F-11D3-BF4B-00C04F79EFBC}") = "Tester", "Tester\Tester.csproj", "{B19BFF1A-ABFC-4549-B082-89A379DF827E}"
EndProject
Global
	GlobalSection(SolutionConfigurationPlatforms) = preSolution
		Debug|Any CPU = Debug|Any CPU
		Release|Any CPU = Release|Any CPU
	EndGlobalSection
	GlobalSection(ProjectConfigurationPlatforms) = postSolution
		{CD1BE9C7-946D-4EB4-8747-19120027DFAF}.Debug|Any CPU.ActiveCfg = Debug|Any CPU
		{CD1BE9C7-946D-4EB4-8747-19120027DFAF}.Debug|Any CPU.Build.0 = Debug|Any CPU
		{CD1BE9C7-946D-4EB4-8747-19120027DFAF}.Release|Any CPU.ActiveCfg = Release|Any CPU
		{CD1BE9C7-946D-4EB4-8747-19120027DFAF}.Release|Any CPU.Build.0 = Release|Any CPU
		{34C1E8B6-61C7-4A61-B0A9-0B5E49920A15}.Debug|Any CPU.ActiveCfg = Debug|Any CPU
		{34C1E8B6-61C7-4A61-B0A9-0B5E49920A15}.Debug|Any CPU.Build.0 = Debug|Any CPU
		{34C1E8B6-61C7-4A61-B0A9-0B5E49920A15}.Release|Any CPU.ActiveCfg = Release|Any CPU
		{34C1E8B6-61C7-4A61-B0A9-0B5E49920A15}.Release|Any CPU.Build.0 = Release|Any CPU
		{A8007260-181C-4CA5-BF5F-FE1C9E4AD749}.Debug|Any CPU.ActiveCfg = Debug|Any CPU
		{A8007260-181C-4CA5-BF5F-FE1C9E4AD749}.Debug|Any CPU.Build.0 = Debug|Any CPU
		{A8007260-181C-4CA5-BF5F-FE1C9E4AD749}.Release|Any CPU.ActiveCfg = Release|Any CPU
		{A8007260-181C-4CA5-BF5F-FE1C9E4AD749}.Release|Any CPU.Build.0 = Release|Any CPU
		{B19BFF1A-ABFC-4549-B082-89A379DF827E}.Debug|Any CPU.ActiveCfg = Debug|Any CPU
		{B19BFF1A-ABFC-4549-B082-89A379DF827E}.Debug|Any CPU.Build.0 = Debug|Any CPU
		{B19BFF1A-ABFC-4549-B082-89A379DF827E}.Release|Any CPU.ActiveCfg = Release|Any CPU
		{B19BFF1A-ABFC-4549-B082-89A379DF827E}.Release|Any CPU.Build.0 = Release|Any CPU
	EndGlobalSection
	GlobalSection(SolutionProperties) = preSolution
		HideSolutionNode = FALSE
	EndGlobalSection
	GlobalSection(ExtensibilityGlobals) = postSolution
		SolutionGuid = {8343DC04-B011-4523-A7C4-37FB930EA086}
	EndGlobalSection
EndGlobal
